
Microsoft Visual Studio Solution File, Format Version 12.00
# Visual Studio 15
VisualStudioVersion = 15.0.27130.2020
MinimumVisualStudioVersion = 10.0.40219.1
Project("{FAE04EC0-301F-11D3-BF4B-00C04F79EFBC}") = "Pick_Client_lab1", "Pick_Client_lab1\Pick_Client_lab1.csproj", "{BC244774-9585-4762-8619-D57253392166}"
EndProject
Global
	GlobalSection(SolutionConfigurationPlatforms) = preSolution
		Debug|Any CPU = Debug|Any CPU
		Release|Any CPU = Release|Any CPU
	EndGlobalSection
	GlobalSection(ProjectConfigurationPlatforms) = postSolution
		{BC244774-9585-4762-8619-D57253392166}.Debug|Any CPU.ActiveCfg = Debug|Any CPU
		{BC244774-9585-4762-8619-D57253392166}.Debug|Any CPU.Build.0 = Debug|Any CPU
		{BC244774-9585-4762-8619-D57253392166}.Release|Any CPU.ActiveCfg = Release|Any CPU
		{BC244774-9585-4762-8619-D57253392166}.Release|Any CPU.Build.0 = Release|Any CPU
	EndGlobalSection
	GlobalSection(SolutionProperties) = preSolution
		HideSolutionNode = FALSE
	EndGlobalSection
	GlobalSection(ExtensibilityGlobals) = postSolution
		SolutionGuid = {5C336A5F-88F1-46A6-B3CF-D982F658816C}
	EndGlobalSection
EndGlobal
