
Microsoft Visual Studio Solution File, Format Version 12.00
# Visual Studio 15
VisualStudioVersion = 15.0.27130.2020
MinimumVisualStudioVersion = 10.0.40219.1
Project("{FAE04EC0-301F-11D3-BF4B-00C04F79EFBC}") = "Kripta_Hex_Bin_Lav", "Kripta_Hex_Bin_Lav\Kripta_Hex_Bin_Lav.csproj", "{BF6B3287-3EC9-4400-A37A-A3BA26A1B799}"
EndProject
Global
	GlobalSection(SolutionConfigurationPlatforms) = preSolution
		Debug|Any CPU = Debug|Any CPU
		Release|Any CPU = Release|Any CPU
	EndGlobalSection
	GlobalSection(ProjectConfigurationPlatforms) = postSolution
		{BF6B3287-3EC9-4400-A37A-A3BA26A1B799}.Debug|Any CPU.ActiveCfg = Debug|Any CPU
		{BF6B3287-3EC9-4400-A37A-A3BA26A1B799}.Debug|Any CPU.Build.0 = Debug|Any CPU
		{BF6B3287-3EC9-4400-A37A-A3BA26A1B799}.Release|Any CPU.ActiveCfg = Release|Any CPU
		{BF6B3287-3EC9-4400-A37A-A3BA26A1B799}.Release|Any CPU.Build.0 = Release|Any CPU
	EndGlobalSection
	GlobalSection(SolutionProperties) = preSolution
		HideSolutionNode = FALSE
	EndGlobalSection
	GlobalSection(ExtensibilityGlobals) = postSolution
		SolutionGuid = {224BDAAF-21AB-447B-A0B1-0C126DA066B1}
	EndGlobalSection
EndGlobal
